
Microsoft Visual Studio Solution File, Format Version 12.00
# Visual Studio 15
VisualStudioVersion = 15.0.28010.2046
MinimumVisualStudioVersion = 10.0.40219.1
Project("{FAE04EC0-301F-11D3-BF4B-00C04F79EFBC}") = "Assignment5", "Assignment5\Assignment5.csproj", "{8F5AC46B-6D99-4DA9-858D-946473559696}"
EndProject
Global
	GlobalSection(SolutionConfigurationPlatforms) = preSolution
		Debug|Any CPU = Debug|Any CPU
		Release|Any CPU = Release|Any CPU
	EndGlobalSection
	GlobalSection(ProjectConfigurationPlatforms) = postSolution
		{8F5AC46B-6D99-4DA9-858D-946473559696}.Debug|Any CPU.ActiveCfg = Debug|Any CPU
		{8F5AC46B-6D99-4DA9-858D-946473559696}.Debug|Any CPU.Build.0 = Debug|Any CPU
		{8F5AC46B-6D99-4DA9-858D-946473559696}.Release|Any CPU.ActiveCfg = Release|Any CPU
		{8F5AC46B-6D99-4DA9-858D-946473559696}.Release|Any CPU.Build.0 = Release|Any CPU
	EndGlobalSection
	GlobalSection(SolutionProperties) = preSolution
		HideSolutionNode = FALSE
	EndGlobalSection
	GlobalSection(ExtensibilityGlobals) = postSolution
		SolutionGuid = {33BFBFB1-FBC0-4984-AA30-B2AFCAC2DCF9}
	EndGlobalSection
EndGlobal
